
Microsoft Visual Studio Solution File, Format Version 12.00
# Visual Studio Version 16
VisualStudioVersion = 16.0.28803.352
MinimumVisualStudioVersion = 10.0.40219.1
Project("{FAE04EC0-301F-11D3-BF4B-00C04F79EFBC}") = "WeddingStoreMoblie.UWP", "WeddingStoreMoblie\WeddingStoreMoblie.UWP\WeddingStoreMoblie.UWP.csproj", "{D8BEDCEC-A0C8-4C18-8FA1-5EDFB9F88E4E}"
EndProject
Project("{FAE04EC0-301F-11D3-BF4B-00C04F79EFBC}") = "WeddingStoreMoblie.Android", "WeddingStoreMoblie\WeddingStoreMoblie.Android\WeddingStoreMoblie.Android.csproj", "{DE9A8C78-E97C-4EA1-B59B-88B586A43E1A}"
EndProject
Project("{FAE04EC0-301F-11D3-BF4B-00C04F79EFBC}") = "WeddingStoreMoblie.iOS", "WeddingStoreMoblie\WeddingStoreMoblie.iOS\WeddingStoreMoblie.iOS.csproj", "{7DB327EE-7794-4AB7-AF27-CF4BD7A6C950}"
EndProject
Project("{9A19103F-16F7-4668-BE54-9A1E7A4F7556}") = "WeddingStoreMoblie", "WeddingStoreMoblie\WeddingStoreMoblie\WeddingStoreMoblie.csproj", "{2E96DD2F-B2F1-4D6E-8B8B-8C0B00A67448}"
EndProject
Global
	GlobalSection(SolutionConfigurationPlatforms) = preSolution
		Debug|Any CPU = Debug|Any CPU
		Debug|ARM = Debug|ARM
		Debug|iPhone = Debug|iPhone
		Debug|iPhoneSimulator = Debug|iPhoneSimulator
		Debug|x64 = Debug|x64
		Debug|x86 = Debug|x86
		Release|Any CPU = Release|Any CPU
		Release|ARM = Release|ARM
		Release|iPhone = Release|iPhone
		Release|iPhoneSimulator = Release|iPhoneSimulator
		Release|x64 = Release|x64
		Release|x86 = Release|x86
	EndGlobalSection
	GlobalSection(ProjectConfigurationPlatforms) = postSolution
		{D8BEDCEC-A0C8-4C18-8FA1-5EDFB9F88E4E}.Debug|Any CPU.ActiveCfg = Debug|x86
		{D8BEDCEC-A0C8-4C18-8FA1-5EDFB9F88E4E}.Debug|Any CPU.Build.0 = Debug|x86
		{D8BEDCEC-A0C8-4C18-8FA1-5EDFB9F88E4E}.Debug|Any CPU.Deploy.0 = Debug|x86
		{D8BEDCEC-A0C8-4C18-8FA1-5EDFB9F88E4E}.Debug|ARM.ActiveCfg = Debug|ARM
		{D8BEDCEC-A0C8-4C18-8FA1-5EDFB9F88E4E}.Debug|ARM.Build.0 = Debug|ARM
		{D8BEDCEC-A0C8-4C18-8FA1-5EDFB9F88E4E}.Debug|ARM.Deploy.0 = Debug|ARM
		{D8BEDCEC-A0C8-4C18-8FA1-5EDFB9F88E4E}.Debug|iPhone.ActiveCfg = Debug|x86
		{D8BEDCEC-A0C8-4C18-8FA1-5EDFB9F88E4E}.Debug|iPhone.Build.0 = Debug|x86
		{D8BEDCEC-A0C8-4C18-8FA1-5EDFB9F88E4E}.Debug|iPhone.Deploy.0 = Debug|x86
		{D8BEDCEC-A0C8-4C18-8FA1-5EDFB9F88E4E}.Debug|iPhoneSimulator.ActiveCfg = Debug|x86
		{D8BEDCEC-A0C8-4C18-8FA1-5EDFB9F88E4E}.Debug|iPhoneSimulator.Build.0 = Debug|x86
		{D8BEDCEC-A0C8-4C18-8FA1-5EDFB9F88E4E}.Debug|iPhoneSimulator.Deploy.0 = Debug|x86
		{D8BEDCEC-A0C8-4C18-8FA1-5EDFB9F88E4E}.Debug|x64.ActiveCfg = Debug|x64
		{D8BEDCEC-A0C8-4C18-8FA1-5EDFB9F88E4E}.Debug|x64.Build.0 = Debug|x64
		{D8BEDCEC-A0C8-4C18-8FA1-5EDFB9F88E4E}.Debug|x64.Deploy.0 = Debug|x64
		{D8BEDCEC-A0C8-4C18-8FA1-5EDFB9F88E4E}.Debug|x86.ActiveCfg = Debug|x86
		{D8BEDCEC-A0C8-4C18-8FA1-5EDFB9F88E4E}.Debug|x86.Build.0 = Debug|x86
		{D8BEDCEC-A0C8-4C18-8FA1-5EDFB9F88E4E}.Debug|x86.Deploy.0 = Debug|x86
		{D8BEDCEC-A0C8-4C18-8FA1-5EDFB9F88E4E}.Release|Any CPU.ActiveCfg = Release|x86
		{D8BEDCEC-A0C8-4C18-8FA1-5EDFB9F88E4E}.Release|Any CPU.Build.0 = Release|x86
		{D8BEDCEC-A0C8-4C18-8FA1-5EDFB9F88E4E}.Release|Any CPU.Deploy.0 = Release|x86
		{D8BEDCEC-A0C8-4C18-8FA1-5EDFB9F88E4E}.Release|ARM.ActiveCfg = Release|ARM
		{D8BEDCEC-A0C8-4C18-8FA1-5EDFB9F88E4E}.Release|ARM.Build.0 = Release|ARM
		{D8BEDCEC-A0C8-4C18-8FA1-5EDFB9F88E4E}.Release|ARM.Deploy.0 = Release|ARM
		{D8BEDCEC-A0C8-4C18-8FA1-5EDFB9F88E4E}.Release|iPhone.ActiveCfg = Release|x86
		{D8BEDCEC-A0C8-4C18-8FA1-5EDFB9F88E4E}.Release|iPhone.Build.0 = Release|x86
		{D8BEDCEC-A0C8-4C18-8FA1-5EDFB9F88E4E}.Release|iPhone.Deploy.0 = Release|x86
		{D8BEDCEC-A0C8-4C18-8FA1-5EDFB9F88E4E}.Release|iPhoneSimulator.ActiveCfg = Release|x86
		{D8BEDCEC-A0C8-4C18-8FA1-5EDFB9F88E4E}.Release|iPhoneSimulator.Build.0 = Release|x86
		{D8BEDCEC-A0C8-4C18-8FA1-5EDFB9F88E4E}.Release|iPhoneSimulator.Deploy.0 = Release|x86
		{D8BEDCEC-A0C8-4C18-8FA1-5EDFB9F88E4E}.Release|x64.ActiveCfg = Release|x64
		{D8BEDCEC-A0C8-4C18-8FA1-5EDFB9F88E4E}.Release|x64.Build.0 = Release|x64
		{D8BEDCEC-A0C8-4C18-8FA1-5EDFB9F88E4E}.Release|x64.Deploy.0 = Release|x64
		{D8BEDCEC-A0C8-4C18-8FA1-5EDFB9F88E4E}.Release|x86.ActiveCfg = Release|x86
		{D8BEDCEC-A0C8-4C18-8FA1-5EDFB9F88E4E}.Release|x86.Build.0 = Release|x86
		{D8BEDCEC-A0C8-4C18-8FA1-5EDFB9F88E4E}.Release|x86.Deploy.0 = Release|x86
		{DE9A8C78-E97C-4EA1-B59B-88B586A43E1A}.Debug|Any CPU.ActiveCfg = Debug|Any CPU
		{DE9A8C78-E97C-4EA1-B59B-88B586A43E1A}.Debug|Any CPU.Build.0 = Debug|Any CPU
		{DE9A8C78-E97C-4EA1-B59B-88B586A43E1A}.Debug|Any CPU.Deploy.0 = Debug|Any CPU
		{DE9A8C78-E97C-4EA1-B59B-88B586A43E1A}.Debug|ARM.ActiveCfg = Debug|Any CPU
		{DE9A8C78-E97C-4EA1-B59B-88B586A43E1A}.Debug|ARM.Build.0 = Debug|Any CPU
		{DE9A8C78-E97C-4EA1-B59B-88B586A43E1A}.Debug|ARM.Deploy.0 = Debug|Any CPU
		{DE9A8C78-E97C-4EA1-B59B-88B586A43E1A}.Debug|iPhone.ActiveCfg = Debug|Any CPU
		{DE9A8C78-E97C-4EA1-B59B-88B586A43E1A}.Debug|iPhone.Build.0 = Debug|Any CPU
		{DE9A8C78-E97C-4EA1-B59B-88B586A43E1A}.Debug|iPhone.Deploy.0 = Debug|Any CPU
		{DE9A8C78-E97C-4EA1-B59B-88B586A43E1A}.Debug|iPhoneSimulator.ActiveCfg = Debug|Any CPU
		{DE9A8C78-E97C-4EA1-B59B-88B586A43E1A}.Debug|iPhoneSimulator.Build.0 = Debug|Any CPU
		{DE9A8C78-E97C-4EA1-B59B-88B586A43E1A}.Debug|iPhoneSimulator.Deploy.0 = Debug|Any CPU
		{DE9A8C78-E97C-4EA1-B59B-88B586A43E1A}.Debug|x64.ActiveCfg = Debug|Any CPU
		{DE9A8C78-E97C-4EA1-B59B-88B586A43E1A}.Debug|x64.Build.0 = Debug|Any CPU
		{DE9A8C78-E97C-4EA1-B59B-88B586A43E1A}.Debug|x64.Deploy.0 = Debug|Any CPU
		{DE9A8C78-E97C-4EA1-B59B-88B586A43E1A}.Debug|x86.ActiveCfg = Debug|Any CPU
		{DE9A8C78-E97C-4EA1-B59B-88B586A43E1A}.Debug|x86.Build.0 = Debug|Any CPU
		{DE9A8C78-E97C-4EA1-B59B-88B586A43E1A}.Debug|x86.Deploy.0 = Debug|Any CPU
		{DE9A8C78-E97C-4EA1-B59B-88B586A43E1A}.Release|Any CPU.ActiveCfg = Release|Any CPU
		{DE9A8C78-E97C-4EA1-B59B-88B586A43E1A}.Release|Any CPU.Build.0 = Release|Any CPU
		{DE9A8C78-E97C-4EA1-B59B-88B586A43E1A}.Release|Any CPU.Deploy.0 = Release|Any CPU
		{DE9A8C78-E97C-4EA1-B59B-88B586A43E1A}.Release|ARM.ActiveCfg = Release|Any CPU
		{DE9A8C78-E97C-4EA1-B59B-88B586A43E1A}.Release|ARM.Build.0 = Release|Any CPU
		{DE9A8C78-E97C-4EA1-B59B-88B586A43E1A}.Release|ARM.Deploy.0 = Release|Any CPU
		{DE9A8C78-E97C-4EA1-B59B-88B586A43E1A}.Release|iPhone.ActiveCfg = Release|Any CPU
		{DE9A8C78-E97C-4EA1-B59B-88B586A43E1A}.Release|iPhone.Build.0 = Release|Any CPU
		{DE9A8C78-E97C-4EA1-B59B-88B586A43E1A}.Release|iPhone.Deploy.0 = Release|Any CPU
		{DE9A8C78-E97C-4EA1-B59B-88B586A43E1A}.Release|iPhoneSimulator.ActiveCfg = Release|Any CPU
		{DE9A8C78-E97C-4EA1-B59B-88B586A43E1A}.Release|iPhoneSimulator.Build.0 = Release|Any CPU
		{DE9A8C78-E97C-4EA1-B59B-88B586A43E1A}.Release|iPhoneSimulator.Deploy.0 = Release|Any CPU
		{DE9A8C78-E97C-4EA1-B59B-88B586A43E1A}.Release|x64.ActiveCfg = Release|Any CPU
		{DE9A8C78-E97C-4EA1-B59B-88B586A43E1A}.Release|x64.Build.0 = Release|Any CPU
		{DE9A8C78-E97C-4EA1-B59B-88B586A43E1A}.Release|x64.Deploy.0 = Release|Any CPU
		{DE9A8C78-E97C-4EA1-B59B-88B586A43E1A}.Release|x86.ActiveCfg = Release|Any CPU
		{DE9A8C78-E97C-4EA1-B59B-88B586A43E1A}.Release|x86.Build.0 = Release|Any CPU
		{DE9A8C78-E97C-4EA1-B59B-88B586A43E1A}.Release|x86.Deploy.0 = Release|Any CPU
		{7DB327EE-7794-4AB7-AF27-CF4BD7A6C950}.Debug|Any CPU.ActiveCfg = Debug|iPhone
		{7DB327EE-7794-4AB7-AF27-CF4BD7A6C950}.Debug|Any CPU.Build.0 = Debug|iPhone
		{7DB327EE-7794-4AB7-AF27-CF4BD7A6C950}.Debug|Any CPU.Deploy.0 = Debug|iPhone
		{7DB327EE-7794-4AB7-AF27-CF4BD7A6C950}.Debug|ARM.ActiveCfg = Debug|iPhoneSimulator
		{7DB327EE-7794-4AB7-AF27-CF4BD7A6C950}.Debug|ARM.Build.0 = Debug|iPhoneSimulator
		{7DB327EE-7794-4AB7-AF27-CF4BD7A6C950}.Debug|ARM.Deploy.0 = Debug|iPhoneSimulator
		{7DB327EE-7794-4AB7-AF27-CF4BD7A6C950}.Debug|iPhone.ActiveCfg = Debug|iPhone
		{7DB327EE-7794-4AB7-AF27-CF4BD7A6C950}.Debug|iPhone.Build.0 = Debug|iPhone
		{7DB327EE-7794-4AB7-AF27-CF4BD7A6C950}.Debug|iPhone.Deploy.0 = Debug|iPhone
		{7DB327EE-7794-4AB7-AF27-CF4BD7A6C950}.Debug|iPhoneSimulator.ActiveCfg = Debug|iPhoneSimulator
		{7DB327EE-7794-4AB7-AF27-CF4BD7A6C950}.Debug|iPhoneSimulator.Build.0 = Debug|iPhoneSimulator
		{7DB327EE-7794-4AB7-AF27-CF4BD7A6C950}.Debug|iPhoneSimulator.Deploy.0 = Debug|iPhoneSimulator
		{7DB327EE-7794-4AB7-AF27-CF4BD7A6C950}.Debug|x64.ActiveCfg = Debug|iPhone
		{7DB327EE-7794-4AB7-AF27-CF4BD7A6C950}.Debug|x64.Build.0 = Debug|iPhone
		{7DB327EE-7794-4AB7-AF27-CF4BD7A6C950}.Debug|x64.Deploy.0 = Debug|iPhone
		{7DB327EE-7794-4AB7-AF27-CF4BD7A6C950}.Debug|x86.ActiveCfg = Debug|iPhone
		{7DB327EE-7794-4AB7-AF27-CF4BD7A6C950}.Debug|x86.Build.0 = Debug|iPhone
		{7DB327EE-7794-4AB7-AF27-CF4BD7A6C950}.Debug|x86.Deploy.0 = Debug|iPhone
		{7DB327EE-7794-4AB7-AF27-CF4BD7A6C950}.Release|Any CPU.ActiveCfg = Release|iPhone
		{7DB327EE-7794-4AB7-AF27-CF4BD7A6C950}.Release|Any CPU.Build.0 = Release|iPhone
		{7DB327EE-7794-4AB7-AF27-CF4BD7A6C950}.Release|Any CPU.Deploy.0 = Release|iPhone
		{7DB327EE-7794-4AB7-AF27-CF4BD7A6C950}.Release|ARM.ActiveCfg = Release|iPhone
		{7DB327EE-7794-4AB7-AF27-CF4BD7A6C950}.Release|ARM.Build.0 = Release|iPhone
		{7DB327EE-7794-4AB7-AF27-CF4BD7A6C950}.Release|ARM.Deploy.0 = Release|iPhone
		{7DB327EE-7794-4AB7-AF27-CF4BD7A6C950}.Release|iPhone.ActiveCfg = Release|iPhone
		{7DB327EE-7794-4AB7-AF27-CF4BD7A6C950}.Release|iPhone.Build.0 = Release|iPhone
		{7DB327EE-7794-4AB7-AF27-CF4BD7A6C950}.Release|iPhone.Deploy.0 = Release|iPhone
		{7DB327EE-7794-4AB7-AF27-CF4BD7A6C950}.Release|iPhoneSimulator.ActiveCfg = Release|iPhoneSimulator
		{7DB327EE-7794-4AB7-AF27-CF4BD7A6C950}.Release|iPhoneSimulator.Build.0 = Release|iPhoneSimulator
		{7DB327EE-7794-4AB7-AF27-CF4BD7A6C950}.Release|iPhoneSimulator.Deploy.0 = Release|iPhoneSimulator
		{7DB327EE-7794-4AB7-AF27-CF4BD7A6C950}.Release|x64.ActiveCfg = Release|iPhone
		{7DB327EE-7794-4AB7-AF27-CF4BD7A6C950}.Release|x64.Build.0 = Release|iPhone
		{7DB327EE-7794-4AB7-AF27-CF4BD7A6C950}.Release|x64.Deploy.0 = Release|iPhone
		{7DB327EE-7794-4AB7-AF27-CF4BD7A6C950}.Release|x86.ActiveCfg = Release|iPhone
		{7DB327EE-7794-4AB7-AF27-CF4BD7A6C950}.Release|x86.Build.0 = Release|iPhone
		{7DB327EE-7794-4AB7-AF27-CF4BD7A6C950}.Release|x86.Deploy.0 = Release|iPhone
		{2E96DD2F-B2F1-4D6E-8B8B-8C0B00A67448}.Debug|Any CPU.ActiveCfg = Debug|Any CPU
		{2E96DD2F-B2F1-4D6E-8B8B-8C0B00A67448}.Debug|Any CPU.Build.0 = Debug|Any CPU
		{2E96DD2F-B2F1-4D6E-8B8B-8C0B00A67448}.Debug|Any CPU.Deploy.0 = Debug|Any CPU
		{2E96DD2F-B2F1-4D6E-8B8B-8C0B00A67448}.Debug|ARM.ActiveCfg = Debug|Any CPU
		{2E96DD2F-B2F1-4D6E-8B8B-8C0B00A67448}.Debug|ARM.Build.0 = Debug|Any CPU
		{2E96DD2F-B2F1-4D6E-8B8B-8C0B00A67448}.Debug|ARM.Deploy.0 = Debug|Any CPU
		{2E96DD2F-B2F1-4D6E-8B8B-8C0B00A67448}.Debug|iPhone.ActiveCfg = Debug|Any CPU
		{2E96DD2F-B2F1-4D6E-8B8B-8C0B00A67448}.Debug|iPhone.Build.0 = Debug|Any CPU
		{2E96DD2F-B2F1-4D6E-8B8B-8C0B00A67448}.Debug|iPhone.Deploy.0 = Debug|Any CPU
		{2E96DD2F-B2F1-4D6E-8B8B-8C0B00A67448}.Debug|iPhoneSimulator.ActiveCfg = Debug|Any CPU
		{2E96DD2F-B2F1-4D6E-8B8B-8C0B00A67448}.Debug|iPhoneSimulator.Build.0 = Debug|Any CPU
		{2E96DD2F-B2F1-4D6E-8B8B-8C0B00A67448}.Debug|iPhoneSimulator.Deploy.0 = Debug|Any CPU
		{2E96DD2F-B2F1-4D6E-8B8B-8C0B00A67448}.Debug|x64.ActiveCfg = Debug|Any CPU
		{2E96DD2F-B2F1-4D6E-8B8B-8C0B00A67448}.Debug|x64.Build.0 = Debug|Any CPU
		{2E96DD2F-B2F1-4D6E-8B8B-8C0B00A67448}.Debug|x64.Deploy.0 = Debug|Any CPU
		{2E96DD2F-B2F1-4D6E-8B8B-8C0B00A67448}.Debug|x86.ActiveCfg = Debug|Any CPU
		{2E96DD2F-B2F1-4D6E-8B8B-8C0B00A67448}.Debug|x86.Build.0 = Debug|Any CPU
		{2E96DD2F-B2F1-4D6E-8B8B-8C0B00A67448}.Debug|x86.Deploy.0 = Debug|Any CPU
		{2E96DD2F-B2F1-4D6E-8B8B-8C0B00A67448}.Release|Any CPU.ActiveCfg = Release|Any CPU
		{2E96DD2F-B2F1-4D6E-8B8B-8C0B00A67448}.Release|Any CPU.Build.0 = Release|Any CPU
		{2E96DD2F-B2F1-4D6E-8B8B-8C0B00A67448}.Release|Any CPU.Deploy.0 = Release|Any CPU
		{2E96DD2F-B2F1-4D6E-8B8B-8C0B00A67448}.Release|ARM.ActiveCfg = Release|Any CPU
		{2E96DD2F-B2F1-4D6E-8B8B-8C0B00A67448}.Release|ARM.Build.0 = Release|Any CPU
		{2E96DD2F-B2F1-4D6E-8B8B-8C0B00A67448}.Release|ARM.Deploy.0 = Release|Any CPU
		{2E96DD2F-B2F1-4D6E-8B8B-8C0B00A67448}.Release|iPhone.ActiveCfg = Release|Any CPU
		{2E96DD2F-B2F1-4D6E-8B8B-8C0B00A67448}.Release|iPhone.Build.0 = Release|Any CPU
		{2E96DD2F-B2F1-4D6E-8B8B-8C0B00A67448}.Release|iPhone.Deploy.0 = Release|Any CPU
		{2E96DD2F-B2F1-4D6E-8B8B-8C0B00A67448}.Release|iPhoneSimulator.ActiveCfg = Release|Any CPU
		{2E96DD2F-B2F1-4D6E-8B8B-8C0B00A67448}.Release|iPhoneSimulator.Build.0 = Release|Any CPU
		{2E96DD2F-B2F1-4D6E-8B8B-8C0B00A67448}.Release|iPhoneSimulator.Deploy.0 = Release|Any CPU
		{2E96DD2F-B2F1-4D6E-8B8B-8C0B00A67448}.Release|x64.ActiveCfg = Release|Any CPU
		{2E96DD2F-B2F1-4D6E-8B8B-8C0B00A67448}.Release|x64.Build.0 = Release|Any CPU
		{2E96DD2F-B2F1-4D6E-8B8B-8C0B00A67448}.Release|x64.Deploy.0 = Release|Any CPU
		{2E96DD2F-B2F1-4D6E-8B8B-8C0B00A67448}.Release|x86.ActiveCfg = Release|Any CPU
		{2E96DD2F-B2F1-4D6E-8B8B-8C0B00A67448}.Release|x86.Build.0 = Release|Any CPU
		{2E96DD2F-B2F1-4D6E-8B8B-8C0B00A67448}.Release|x86.Deploy.0 = Release|Any CPU
	EndGlobalSection
	GlobalSection(SolutionProperties) = preSolution
		HideSolutionNode = FALSE
	EndGlobalSection
	GlobalSection(ExtensibilityGlobals) = postSolution
		SolutionGuid = {CC4E9194-62CE-4480-B024-49D89FD67B3F}
	EndGlobalSection
EndGlobal
